
Microsoft Visual Studio Solution File, Format Version 12.00
# Visual Studio Version 16
VisualStudioVersion = 16.0.29009.5
MinimumVisualStudioVersion = 10.0.40219.1
Project("{FAE04EC0-301F-11D3-BF4B-00C04F79EFBC}") = "MT001使用單一執行緒同步執行遞增與遞減", "MT001使用單一執行緒同步執行遞增與遞減\MT001使用單一執行緒同步執行遞增與遞減.csproj", "{61B886DC-2113-49D9-9A3B-6BD7BFF51C22}"
EndProject
Project("{FAE04EC0-301F-11D3-BF4B-00C04F79EFBC}") = "MT002使用多執行緒非同步執行遞增與遞減", "MT002使用多執行緒非同步執行遞增與遞減\MT002使用多執行緒非同步執行遞增與遞減.csproj", "{272C0B33-1CC7-4FD5-9048-886E4632C9A1}"
EndProject
Project("{FAE04EC0-301F-11D3-BF4B-00C04F79EFBC}") = "MT003修正每次遞增與遞減要鎖定而變慢問題_使用Interlocked", "MT003修正每次遞增與遞減要鎖定而變慢問題_使用Interlocked\MT003修正每次遞增與遞減要鎖定而變慢問題_使用Interlocked.csproj", "{7805C5E0-BF63-47CB-9C04-67137B6130C6}"
EndProject
Project("{FAE04EC0-301F-11D3-BF4B-00C04F79EFBC}") = "MT004修正每次遞增與遞減要鎖定而變慢問題_使用區域變數且最後才同步", "MT004修正每次遞增與遞減要鎖定而變慢問題_使用區域變數且最後才同步\MT004修正每次遞增與遞減要鎖定而變慢問題_使用區域變數且最後才同步.csproj", "{78E59180-BF04-4DAF-BC6D-23ADAD15426D}"
EndProject
Project("{9A19103F-16F7-4668-BE54-9A1E7A4F7556}") = "MT005單一執行緒與多處理器關係驗證練習", "MT005單一執行緒與多處理器關係驗證練習\MT005單一執行緒與多處理器關係驗證練習.csproj", "{053890C0-BAB7-4EC6-9AAB-8F6C8F8F2FD6}"
EndProject
Project("{FAE04EC0-301F-11D3-BF4B-00C04F79EFBC}") = "MT008為何Console.Write輸出結果不會錯亂", "MT008為何Console.Write輸出結果不會錯亂\MT008為何Console.Write輸出結果不會錯亂.csproj", "{EFA332CB-17AE-4C66-AB78-2D8CE62A2106}"
EndProject
Project("{FAE04EC0-301F-11D3-BF4B-00C04F79EFBC}") = "MT009修正每次遞增與遞減要鎖定而變慢問題_使用lock", "MT009修正每次遞增與遞減要鎖定而變慢問題_使用lock\MT009修正每次遞增與遞減要鎖定而變慢問題_使用lock.csproj", "{E3AB44F9-3A30-4816-8E07-120B3D7E8D2E}"
EndProject
Project("{FAE04EC0-301F-11D3-BF4B-00C04F79EFBC}") = "MT010共用靜態、執行個體、區域變數測試", "MT010共用靜態、執行個體、區域變數測試\MT010共用靜態、執行個體、區域變數測試.csproj", "{E4EFEB1B-6793-4197-BFC2-2520F2153B3E}"
EndProject
Project("{FAE04EC0-301F-11D3-BF4B-00C04F79EFBC}") = "MT006使用執行緒集區完成MT004需求", "MT006使用執行緒集區完成MT004需求\MT006使用執行緒集區完成MT004需求.csproj", "{39D7A6CA-C79E-4229-917E-4636FEF9B7F7}"
EndProject
Project("{FAE04EC0-301F-11D3-BF4B-00C04F79EFBC}") = "MT007使用TPL工作Task完成MT004需求", "MT007使用TPL工作Task完成MT004需求\MT007使用TPL工作Task完成MT004需求.csproj", "{75F5B05A-63BA-4302-89B2-85522647F6E6}"
EndProject
Project("{FAE04EC0-301F-11D3-BF4B-00C04F79EFBC}") = "MT011指定單核心與多核心，何者比較快", "MT011指定單核心與多核心，何者比較快\MT011指定單核心與多核心，何者比較快.csproj", "{9D095EF5-0E80-47E2-9002-2238CE3C6CF9}"
EndProject
Project("{FAE04EC0-301F-11D3-BF4B-00C04F79EFBC}") = "MT012執行緒每次僅能夠執行時間配量TimeSlice", "MT012執行緒每次僅能夠執行時間配量TimeSlice\MT012執行緒每次僅能夠執行時間配量TimeSlice.csproj", "{317B18CF-DDC5-4E33-B06F-43146453C571}"
EndProject
Project("{FAE04EC0-301F-11D3-BF4B-00C04F79EFBC}") = "MT013當WebClient完成後,會用何種執行緒為", "MT013當WebClient完成後,會用何種執行緒為\MT013當WebClient完成後,會用何種執行緒為.csproj", "{D7287564-E8E9-460B-99DD-94541521947D}"
EndProject
Project("{FAE04EC0-301F-11D3-BF4B-00C04F79EFBC}") = "MT014觀察執行緒集區對於IO執行緒使用情況", "MT014觀察執行緒集區對於IO執行緒使用情況\MT014觀察執行緒集區對於IO執行緒使用情況.csproj", "{54890F88-1C48-4AB3-9178-27104411220B}"
EndProject
Project("{FAE04EC0-301F-11D3-BF4B-00C04F79EFBC}") = "MT015執行緒集區的使用與歸還", "MT015執行緒集區的使用與歸還\MT015執行緒集區的使用與歸還.csproj", "{8EA8F920-19E6-42A7-A472-BB11C6355DAF}"
EndProject
Project("{9A19103F-16F7-4668-BE54-9A1E7A4F7556}") = "MT016多個HTTP要求Request測試forNETCore", "MT016多個HTTP要求Request測試forNETCore\MT016多個HTTP要求Request測試forNETCore.csproj", "{F3DB7FD3-0C7C-4800-B6D6-52967BE1E0DB}"
EndProject
Project("{FAE04EC0-301F-11D3-BF4B-00C04F79EFBC}") = "MT017多個HTTP要求Request測試forNETFramework", "MT017多個HTTP要求Request測試forNETFramework\MT017多個HTTP要求Request測試forNETFramework.csproj", "{C4EC11F4-5DED-4A27-A8DC-A1D0B7BB8ED2}"
EndProject
Project("{FAE04EC0-301F-11D3-BF4B-00C04F79EFBC}") = "MT018量測處理程序的CPU使用效率", "MT018量測處理程序的CPU使用效率\MT018量測處理程序的CPU使用效率.csproj", "{03DE432A-C364-4277-893E-AB33CF057411}"
EndProject
Project("{FAE04EC0-301F-11D3-BF4B-00C04F79EFBC}") = "MT019在async方法內沒有使用await效能分析", "MT019在async方法內沒有使用await效能分析\MT019在async方法內沒有使用await效能分析.csproj", "{C450926F-0033-467D-B485-BCB22C80C558}"
EndProject
Project("{FAE04EC0-301F-11D3-BF4B-00C04F79EFBC}") = "MT020靜態欄位與多執行緒", "MT020靜態欄位與多執行緒\MT020靜態欄位與多執行緒.csproj", "{ED8C2B6A-BC74-4F96-A9BD-6F2698682AEB}"
EndProject
Project("{FAE04EC0-301F-11D3-BF4B-00C04F79EFBC}") = "MT021ThreadStatic建立執行緒區域儲存區", "MT021ThreadStatic建立執行緒區域儲存區\MT021ThreadStatic建立執行緒區域儲存區.csproj", "{19BEA102-7179-4DF7-B902-A8468FD19FF5}"
EndProject
Project("{FAE04EC0-301F-11D3-BF4B-00C04F79EFBC}") = "MT022具名的資料插槽 DataSlots", "MT022具名的資料插槽 DataSlots\MT022具名的資料插槽 DataSlots.csproj", "{FF792DC4-1674-42CD-9A7D-6B796AFA29C1}"
EndProject
Project("{FAE04EC0-301F-11D3-BF4B-00C04F79EFBC}") = "MT023匿名的資料插槽DataSlots", "MT023匿名的資料插槽DataSlots\MT023匿名的資料插槽DataSlots.csproj", "{09D55FCA-1E52-4737-9C6D-7F79D0FDD83D}"
EndProject
Project("{FAE04EC0-301F-11D3-BF4B-00C04F79EFBC}") = "MT024ThreadLocal執行緒區域儲存區", "MT024ThreadLocal執行緒區域儲存區\MT024ThreadLocal執行緒區域儲存區.csproj", "{34C88C62-FEB2-4C5A-B310-0FBB0B1FEC43}"
EndProject
Project("{FAE04EC0-301F-11D3-BF4B-00C04F79EFBC}") = "MT025建立Thread物件NET1作法", "MT025建立Thread物件NET1作法\MT025建立Thread物件NET1作法.csproj", "{C2684EE0-7678-4874-932B-A02138F71979}"
EndProject
Project("{FAE04EC0-301F-11D3-BF4B-00C04F79EFBC}") = "MT026建立Thread物件NET2作法", "MT026建立Thread物件NET2作法\MT026建立Thread物件NET2作法.csproj", "{530CF8FD-7B4C-42C2-8C7C-DAC7708C5A0E}"
EndProject
Project("{FAE04EC0-301F-11D3-BF4B-00C04F79EFBC}") = "MT027建立Thread物件NET3作法", "MT027建立Thread物件NET3作法\MT027建立Thread物件NET3作法.csproj", "{5CFB1966-12B8-422E-8061-850A1C9DD954}"
EndProject
Project("{FAE04EC0-301F-11D3-BF4B-00C04F79EFBC}") = "MT028不同優先權的執行緒", "MT028不同優先權的執行緒\MT028不同優先權的執行緒.csproj", "{BE1DFD61-648B-4148-9A72-7A0327D7D0FD}"
EndProject
Project("{FAE04EC0-301F-11D3-BF4B-00C04F79EFBC}") = "MT029啟動Thread使用前請與背景設定值", "MT029啟動Thread使用前請與背景設定值\MT029啟動Thread使用前請與背景設定值.csproj", "{FBA0D100-73D5-4A65-88CC-C25C949D7F2C}"
EndProject
Project("{FAE04EC0-301F-11D3-BF4B-00C04F79EFBC}") = "MT030封鎖等候執行緒完成ThreadJoin", "MT030封鎖等候執行緒完成ThreadJoin\MT030封鎖等候執行緒完成ThreadJoin.csproj", "{20C26A40-DF4B-41DB-A79C-15A264E15261}"
EndProject
Project("{FAE04EC0-301F-11D3-BF4B-00C04F79EFBC}") = "MT031封鎖等候執行緒完成AutoResetEvent", "MT031封鎖等候執行緒完成AutoResetEvent\MT031封鎖等候執行緒完成AutoResetEvent.csproj", "{7EC40710-4C46-4306-8C70-28C330198B93}"
EndProject
Project("{FAE04EC0-301F-11D3-BF4B-00C04F79EFBC}") = "MT032封鎖等候執行緒完成WaitHandle", "MT032封鎖等候執行緒完成WaitHandle\MT032封鎖等候執行緒完成WaitHandle.csproj", "{06BE2643-916F-4C7D-B316-C4B377B3AE08}"
EndProject
Project("{FAE04EC0-301F-11D3-BF4B-00C04F79EFBC}") = "MT033無封鎖等候執行緒完成回報事件方式", "MT033無封鎖等候執行緒完成回報事件方式\MT033無封鎖等候執行緒完成回報事件方式.csproj", "{B5C9C3E0-FFFA-4144-86FE-5B54B0660838}"
EndProject
Project("{FAE04EC0-301F-11D3-BF4B-00C04F79EFBC}") = "MT034停止執行緒執行強制結束 Abort", "MT034停止執行緒執行強制結束 Abort\MT034停止執行緒執行強制結束 Abort.csproj", "{5DCEE309-FDA7-448A-A40D-4A77DC616605}"
EndProject
Project("{FAE04EC0-301F-11D3-BF4B-00C04F79EFBC}") = "MT035停止執行緒執行輪詢Polling", "MT035停止執行緒執行輪詢Polling\MT035停止執行緒執行輪詢Polling.csproj", "{D4781CDF-4D1D-416C-B6D0-5B6D19D07CD0}"
EndProject
Project("{FAE04EC0-301F-11D3-BF4B-00C04F79EFBC}") = "MT036停止執行緒執行取消來源權杖", "MT036停止執行緒執行取消來源權杖\MT036停止執行緒執行取消來源權杖.csproj", "{1601080C-5A6F-4588-90B2-259363ED007F}"
EndProject
Project("{FAE04EC0-301F-11D3-BF4B-00C04F79EFBC}") = "MT037執行緒發生例外異常", "MT037執行緒發生例外異常\MT037執行緒發生例外異常.csproj", "{F88BCF69-8103-4DD2-AB68-005463315D27}"
EndProject
Project("{FAE04EC0-301F-11D3-BF4B-00C04F79EFBC}") = "MT038ASPNET同步內容運作機制", "MT038ASPNET同步內容運作機制\MT038ASPNET同步內容運作機制.csproj", "{2BCECEE7-61A7-4705-A930-7892EF2E033B}"
EndProject
Project("{FAE04EC0-301F-11D3-BF4B-00C04F79EFBC}") = "MT039WPF同步內容運作機制", "MT039WPF同步內容運作機制\MT039WPF同步內容運作機制.csproj", "{10E23EEF-AC98-45F8-926C-C4B2A3CCAEFA}"
EndProject
Project("{FAE04EC0-301F-11D3-BF4B-00C04F79EFBC}") = "MT040WindowsForms同步內容運作機制", "MT040WindowsForms同步內容運作機制\MT040WindowsForms同步內容運作機制.csproj", "{250CA93E-C723-436F-963E-28B749EA5F38}"
EndProject
Project("{FAE04EC0-301F-11D3-BF4B-00C04F79EFBC}") = "MT041ASP.NET MVC與同步內容的體驗", "MT041ASP.NET MVC與同步內容的體驗\MT041ASP.NET MVC與同步內容的體驗.csproj", "{0C06D4AC-F0A7-46E2-AD81-C93A8679816A}"
EndProject
Project("{9A19103F-16F7-4668-BE54-9A1E7A4F7556}") = "MT042靜態與區域變數的存取速度測試", "MT042靜態與區域變數的存取速度測試\MT042靜態與區域變數的存取速度測試.csproj", "{A6A63F4F-5D0C-4146-A552-9D6942722605}"
EndProject
Project("{9A19103F-16F7-4668-BE54-9A1E7A4F7556}") = "MT043StackOverflow造成的原因", "MT043StackOverflow造成的原因\MT043StackOverflow造成的原因.csproj", "{A1B52A68-B131-4463-B18E-ADE4761FF271}"
EndProject
Project("{9A19103F-16F7-4668-BE54-9A1E7A4F7556}") = "MT044MemoryOverflow造成的原因", "MT044MemoryOverflow造成的原因\MT044MemoryOverflow造成的原因.csproj", "{63D16520-3874-41D7-818E-CE758E70F984}"
EndProject
Project("{9A19103F-16F7-4668-BE54-9A1E7A4F7556}") = "MT045WebAPI同步與非同步呼叫", "MT045WebAPI同步與非同步呼叫\MT045WebAPI同步與非同步呼叫.csproj", "{76724E8B-8164-4CE6-AAE9-546DEC80E902}"
EndProject
Project("{9A19103F-16F7-4668-BE54-9A1E7A4F7556}") = "MT046觀察要求超過執行緒集區建立的執行緒最小數目", "MT046觀察要求超過執行緒集區建立的執行緒最小數目\MT046觀察要求超過執行緒集區建立的執行緒最小數目.csproj", "{9C5FD19B-0440-44C1-B2ED-3D9C5987050D}"
EndProject
Project("{9A19103F-16F7-4668-BE54-9A1E7A4F7556}") = "MT047使用BackgroundWorker", "MT047使用BackgroundWorker\MT047使用BackgroundWorker.csproj", "{6F29E542-B892-4EC8-AFB1-B8F673FD03CF}"
EndProject
Project("{9A19103F-16F7-4668-BE54-9A1E7A4F7556}") = "MT048在GUI開發框架下使用BackgroundWorker", "MT048在GUI開發框架下使用BackgroundWorker\MT048在GUI開發框架下使用BackgroundWorker.csproj", "{518A292C-EF45-464E-8E7D-CD026C7894CF}"
EndProject
Project("{9A19103F-16F7-4668-BE54-9A1E7A4F7556}") = "MT049體驗多執行緒打死結", "MT049體驗多執行緒打死結\MT049體驗多執行緒打死結.csproj", "{58FA93C6-FDF3-4709-B39E-AAA9F3350207}"
EndProject
Project("{9A19103F-16F7-4668-BE54-9A1E7A4F7556}") = "MT050體驗多工作打死結", "MT050體驗多工作打死結\MT050體驗多工作打死結.csproj", "{2D08EE4B-3D40-4E2C-8D8D-BC4FC5E07C34}"
EndProject
Project("{9A19103F-16F7-4668-BE54-9A1E7A4F7556}") = "MT051解除死結之使用相同順序來進行巢狀鎖定", "MT051解除死結之使用相同順序來進行巢狀鎖定\MT051解除死結之使用相同順序來進行巢狀鎖定.csproj", "{1B9843AB-1270-4924-B09D-47D843B4EE70}"
EndProject
Project("{9A19103F-16F7-4668-BE54-9A1E7A4F7556}") = "MT052解除死結之使用定時器做到逾時解除鎖定", "MT052解除死結之使用定時器做到逾時解除鎖定\MT052解除死結之使用定時器做到逾時解除鎖定.csproj", "{4B44ECA5-B189-44C0-8007-EECD9CD93B4C}"
EndProject
Project("{9A19103F-16F7-4668-BE54-9A1E7A4F7556}") = "MT053巢狀lock", "MT053巢狀lock\MT053巢狀lock.csproj", "{21BC3AC0-1A2B-410A-8FF6-B037D31A1BFD}"
EndProject
Project("{9A19103F-16F7-4668-BE54-9A1E7A4F7556}") = "MT054獨佔鎖定Monitor", "MT054獨佔鎖定Monitor\MT054獨佔鎖定Monitor.csproj", "{F3245DCB-DF0C-4740-B404-674A732CC468}"
EndProject
Project("{9A19103F-16F7-4668-BE54-9A1E7A4F7556}") = "MT056獨佔鎖定lock陳述式", "MT056獨佔鎖定lock陳述式\MT056獨佔鎖定lock陳述式.csproj", "{7ADABC22-84F4-4348-84B7-8F412EC2A588}"
EndProject
Project("{9A19103F-16F7-4668-BE54-9A1E7A4F7556}") = "MT055Monitor鎖定物件的狀態有所變更_使用訊號通知", "MT055Monitor鎖定物件的狀態有所變更_使用訊號通知\MT055Monitor鎖定物件的狀態有所變更_使用訊號通知.csproj", "{A5EAD90E-78BE-4D17-9A51-4D959A23F0D8}"
EndProject
Project("{9A19103F-16F7-4668-BE54-9A1E7A4F7556}") = "MT057MonitorPulseAllPulse的差異", "MT057MonitorPulseAllPulse的差異\MT057MonitorPulseAllPulse的差異.csproj", "{C6DE3636-1285-4CEA-9D71-E2BEAB4BE344}"
EndProject
Project("{9A19103F-16F7-4668-BE54-9A1E7A4F7556}") = "MT058獨佔鎖定SpinLock", "MT058獨佔鎖定SpinLock\MT058獨佔鎖定SpinLock.csproj", "{2A0C3AD0-6BDB-45E6-AEBD-5DAFDBA7FBFB}"
EndProject
Project("{9A19103F-16F7-4668-BE54-9A1E7A4F7556}") = "MT059獨佔鎖定Mutex", "MT059獨佔鎖定Mutex\MT059獨佔鎖定Mutex.csproj", "{45911D60-232E-4150-A66B-726C0A5EBA04}"
EndProject
Project("{9A19103F-16F7-4668-BE54-9A1E7A4F7556}") = "MT060用Mutex限制只有一個處理程序可以執行", "MT060用Mutex限制只有一個處理程序可以執行\MT060用Mutex限制只有一個處理程序可以執行.csproj", "{D90AE0A2-E64D-4859-BD01-6B0D8C570A93}"
EndProject
Project("{9A19103F-16F7-4668-BE54-9A1E7A4F7556}") = "MT061用Mutex進行跨處理程序的執行緒同步", "MT061用Mutex進行跨處理程序的執行緒同步\MT061用Mutex進行跨處理程序的執行緒同步.csproj", "{575101B4-A3ED-45AC-99BE-F427D5E904CD}"
EndProject
Project("{9A19103F-16F7-4668-BE54-9A1E7A4F7556}") = "MT062信號AutoResetEvent為何僅有一個執行序可以正常執行", "MT062信號AutoResetEvent為何僅有一個執行序可以正常執行\MT062信號AutoResetEvent為何僅有一個執行序可以正常執行.csproj", "{179E8732-D375-4AB2-867E-5707B62D1A39}"
EndProject
Project("{9A19103F-16F7-4668-BE54-9A1E7A4F7556}") = "MT063信號AutoResetEvent 四個執行緒交替執行", "MT063信號AutoResetEvent 四個執行緒交替執行\MT063信號AutoResetEvent 四個執行緒交替執行.csproj", "{37C1CF19-A73C-4AB4-828C-86041F81C891}"
EndProject
Project("{9A19103F-16F7-4668-BE54-9A1E7A4F7556}") = "MT064信號ManualResetEvent", "MT064信號ManualResetEvent\MT064信號ManualResetEvent.csproj", "{D81EEAF2-CA15-4608-8832-D214EEC60454}"
EndProject
Project("{9A19103F-16F7-4668-BE54-9A1E7A4F7556}") = "MT065信號Barrier", "MT065信號Barrier\MT065信號Barrier.csproj", "{51A44F56-0A67-4AEE-BF82-18699562AE12}"
EndProject
Project("{9A19103F-16F7-4668-BE54-9A1E7A4F7556}") = "MT066信號Semaphore", "MT066信號Semaphore\MT066信號Semaphore.csproj", "{99BFCF94-A3C4-4361-850A-F133F6D621A6}"
EndProject
Project("{9A19103F-16F7-4668-BE54-9A1E7A4F7556}") = "MT067信號CountdownEvent", "MT067信號CountdownEvent\MT067信號CountdownEvent.csproj", "{84B4762F-DA47-43E4-B2D5-ED25F2D560DA}"
EndProject
Project("{9A19103F-16F7-4668-BE54-9A1E7A4F7556}") = "MT068信號SemaphoreSlim", "MT068信號SemaphoreSlim\MT068信號SemaphoreSlim.csproj", "{B1859CAD-7745-4843-A344-CF03D03ECCF1}"
EndProject
Project("{9A19103F-16F7-4668-BE54-9A1E7A4F7556}") = "MT069非獨佔鎖定Interlocked", "MT069非獨佔鎖定Interlocked\MT069非獨佔鎖定Interlocked.csproj", "{B4E77468-0B6D-47E8-AC52-193E2F7C15EB}"
EndProject
Project("{9A19103F-16F7-4668-BE54-9A1E7A4F7556}") = "MT070非獨佔鎖定ReaderWriterLockSlim", "MT070非獨佔鎖定ReaderWriterLockSlim\MT070非獨佔鎖定ReaderWriterLockSlim.csproj", "{7E156611-5F7A-490E-A6F5-EA2944956023}"
EndProject
Project("{9A19103F-16F7-4668-BE54-9A1E7A4F7556}") = "MT071多執行緒與單一處理器核心", "MT071多執行緒與單一處理器核心\MT071多執行緒與單一處理器核心.csproj", "{8F855B05-48DD-4D41-8D0A-262EDC2FA547}"
EndProject
Project("{9A19103F-16F7-4668-BE54-9A1E7A4F7556}") = "MT072確認了解ThreadPool的內部資訊的狀態", "MT072確認了解ThreadPool的內部資訊的狀態\MT072確認了解ThreadPool的內部資訊的狀態.csproj", "{0CF3689F-91F0-415E-8140-EE3E3113A2C6}"
EndProject
Project("{9A19103F-16F7-4668-BE54-9A1E7A4F7556}") = "MT073修改 MT009使用SpinLock來計算", "MT073修改 MT009使用SpinLock來計算\MT073修改 MT009使用SpinLock來計算.csproj", "{AB771B24-4558-4471-A2C6-B9ABBF3C1A9A}"
EndProject
Project("{9A19103F-16F7-4668-BE54-9A1E7A4F7556}") = "MT074Lock與SpinLock的差異觀察系統狀態值", "MT074Lock與SpinLock的差異觀察系統狀態值\MT074Lock與SpinLock的差異觀察系統狀態值.csproj", "{90B4BB8C-12C4-40CD-A2A6-866093F6E068}"
EndProject
Project("{9A19103F-16F7-4668-BE54-9A1E7A4F7556}") = "MT075同步處理的效能測試", "MT075同步處理的效能測試\MT075同步處理的效能測試.csproj", "{C3178C10-8290-4262-9E98-5DCA263CFC41}"
EndProject
Project("{9A19103F-16F7-4668-BE54-9A1E7A4F7556}") = "MT076體驗執行緒集區的參數調整意義", "MT076體驗執行緒集區的參數調整意義\MT076體驗執行緒集區的參數調整意義.csproj", "{B53BD0C3-21FD-4837-B360-143FBD37F889}"
EndProject
Project("{FAE04EC0-301F-11D3-BF4B-00C04F79EFBC}") = "MT077ThreadStatic與ThreadLocal 預設值", "MT077ThreadStatic與ThreadLocal 預設值\MT077ThreadStatic與ThreadLocal 預設值.csproj", "{C3B8FB0E-892B-43CF-88E1-073367272314}"
EndProject
Project("{9A19103F-16F7-4668-BE54-9A1E7A4F7556}") = "MT078體驗執行緒集區的WorkerIOCPThread", "MT078體驗執行緒集區的WorkerIOCPThread\MT078體驗執行緒集區的WorkerIOCPThread.csproj", "{D98E2354-4A1E-462C-B478-42EBB1BAD892}"
EndProject
Project("{9A19103F-16F7-4668-BE54-9A1E7A4F7556}") = "MT079了解執行緒集區的執行緒使用情況", "MT079了解執行緒集區的執行緒使用情況\MT079了解執行緒集區的執行緒使用情況.csproj", "{9A1B1862-80DD-4B5A-87B9-4ACD378A0F99}"
EndProject
Project("{9A19103F-16F7-4668-BE54-9A1E7A4F7556}") = "MT080了解執行緒集區的執行緒使用情況Console", "MT080了解執行緒集區的執行緒使用情況Console\MT080了解執行緒集區的執行緒使用情況Console.csproj", "{B142935B-CE40-44BE-B795-ABB340E9EEAC}"
EndProject
Project("{9A19103F-16F7-4668-BE54-9A1E7A4F7556}") = "MT081當執行緒集區要服務的數量底大最大上限", "MT081當執行緒集區要服務的數量底大最大上限\MT081當執行緒集區要服務的數量底大最大上限.csproj", "{5A2A052B-4636-4926-A82A-FA3427B2A886}"
EndProject
Project("{FAE04EC0-301F-11D3-BF4B-00C04F79EFBC}") = "MT082當WebClient完成後,會用何種執行緒為 用 Task", "MT082當WebClient完成後,會用何種執行緒為 用 Task\MT082當WebClient完成後,會用何種執行緒為 用 Task.csproj", "{E570F009-2818-489E-B001-5608A1A1D663}"
EndProject
Project("{FAE04EC0-301F-11D3-BF4B-00C04F79EFBC}") = "MT083當HttpClient完成後,會用何種執行緒為", "MT083當HttpClient完成後,會用何種執行緒為\MT083當HttpClient完成後,會用何種執行緒為.csproj", "{8148F392-0E45-4696-90E0-1FB61E2D5022}"
EndProject
Global
	GlobalSection(SolutionConfigurationPlatforms) = preSolution
		Debug|Any CPU = Debug|Any CPU
		Release|Any CPU = Release|Any CPU
	EndGlobalSection
	GlobalSection(ProjectConfigurationPlatforms) = postSolution
		{61B886DC-2113-49D9-9A3B-6BD7BFF51C22}.Debug|Any CPU.ActiveCfg = Debug|Any CPU
		{61B886DC-2113-49D9-9A3B-6BD7BFF51C22}.Debug|Any CPU.Build.0 = Debug|Any CPU
		{61B886DC-2113-49D9-9A3B-6BD7BFF51C22}.Release|Any CPU.ActiveCfg = Release|Any CPU
		{61B886DC-2113-49D9-9A3B-6BD7BFF51C22}.Release|Any CPU.Build.0 = Release|Any CPU
		{272C0B33-1CC7-4FD5-9048-886E4632C9A1}.Debug|Any CPU.ActiveCfg = Debug|Any CPU
		{272C0B33-1CC7-4FD5-9048-886E4632C9A1}.Debug|Any CPU.Build.0 = Debug|Any CPU
		{272C0B33-1CC7-4FD5-9048-886E4632C9A1}.Release|Any CPU.ActiveCfg = Release|Any CPU
		{272C0B33-1CC7-4FD5-9048-886E4632C9A1}.Release|Any CPU.Build.0 = Release|Any CPU
		{7805C5E0-BF63-47CB-9C04-67137B6130C6}.Debug|Any CPU.ActiveCfg = Debug|Any CPU
		{7805C5E0-BF63-47CB-9C04-67137B6130C6}.Debug|Any CPU.Build.0 = Debug|Any CPU
		{7805C5E0-BF63-47CB-9C04-67137B6130C6}.Release|Any CPU.ActiveCfg = Release|Any CPU
		{7805C5E0-BF63-47CB-9C04-67137B6130C6}.Release|Any CPU.Build.0 = Release|Any CPU
		{78E59180-BF04-4DAF-BC6D-23ADAD15426D}.Debug|Any CPU.ActiveCfg = Debug|Any CPU
		{78E59180-BF04-4DAF-BC6D-23ADAD15426D}.Debug|Any CPU.Build.0 = Debug|Any CPU
		{78E59180-BF04-4DAF-BC6D-23ADAD15426D}.Release|Any CPU.ActiveCfg = Release|Any CPU
		{78E59180-BF04-4DAF-BC6D-23ADAD15426D}.Release|Any CPU.Build.0 = Release|Any CPU
		{053890C0-BAB7-4EC6-9AAB-8F6C8F8F2FD6}.Debug|Any CPU.ActiveCfg = Debug|Any CPU
		{053890C0-BAB7-4EC6-9AAB-8F6C8F8F2FD6}.Debug|Any CPU.Build.0 = Debug|Any CPU
		{053890C0-BAB7-4EC6-9AAB-8F6C8F8F2FD6}.Release|Any CPU.ActiveCfg = Release|Any CPU
		{053890C0-BAB7-4EC6-9AAB-8F6C8F8F2FD6}.Release|Any CPU.Build.0 = Release|Any CPU
		{EFA332CB-17AE-4C66-AB78-2D8CE62A2106}.Debug|Any CPU.ActiveCfg = Debug|Any CPU
		{EFA332CB-17AE-4C66-AB78-2D8CE62A2106}.Debug|Any CPU.Build.0 = Debug|Any CPU
		{EFA332CB-17AE-4C66-AB78-2D8CE62A2106}.Release|Any CPU.ActiveCfg = Release|Any CPU
		{EFA332CB-17AE-4C66-AB78-2D8CE62A2106}.Release|Any CPU.Build.0 = Release|Any CPU
		{E3AB44F9-3A30-4816-8E07-120B3D7E8D2E}.Debug|Any CPU.ActiveCfg = Debug|Any CPU
		{E3AB44F9-3A30-4816-8E07-120B3D7E8D2E}.Debug|Any CPU.Build.0 = Debug|Any CPU
		{E3AB44F9-3A30-4816-8E07-120B3D7E8D2E}.Release|Any CPU.ActiveCfg = Release|Any CPU
		{E3AB44F9-3A30-4816-8E07-120B3D7E8D2E}.Release|Any CPU.Build.0 = Release|Any CPU
		{E4EFEB1B-6793-4197-BFC2-2520F2153B3E}.Debug|Any CPU.ActiveCfg = Debug|Any CPU
		{E4EFEB1B-6793-4197-BFC2-2520F2153B3E}.Debug|Any CPU.Build.0 = Debug|Any CPU
		{E4EFEB1B-6793-4197-BFC2-2520F2153B3E}.Release|Any CPU.ActiveCfg = Release|Any CPU
		{E4EFEB1B-6793-4197-BFC2-2520F2153B3E}.Release|Any CPU.Build.0 = Release|Any CPU
		{39D7A6CA-C79E-4229-917E-4636FEF9B7F7}.Debug|Any CPU.ActiveCfg = Debug|Any CPU
		{39D7A6CA-C79E-4229-917E-4636FEF9B7F7}.Debug|Any CPU.Build.0 = Debug|Any CPU
		{39D7A6CA-C79E-4229-917E-4636FEF9B7F7}.Release|Any CPU.ActiveCfg = Release|Any CPU
		{39D7A6CA-C79E-4229-917E-4636FEF9B7F7}.Release|Any CPU.Build.0 = Release|Any CPU
		{75F5B05A-63BA-4302-89B2-85522647F6E6}.Debug|Any CPU.ActiveCfg = Debug|Any CPU
		{75F5B05A-63BA-4302-89B2-85522647F6E6}.Debug|Any CPU.Build.0 = Debug|Any CPU
		{75F5B05A-63BA-4302-89B2-85522647F6E6}.Release|Any CPU.ActiveCfg = Release|Any CPU
		{75F5B05A-63BA-4302-89B2-85522647F6E6}.Release|Any CPU.Build.0 = Release|Any CPU
		{9D095EF5-0E80-47E2-9002-2238CE3C6CF9}.Debug|Any CPU.ActiveCfg = Debug|Any CPU
		{9D095EF5-0E80-47E2-9002-2238CE3C6CF9}.Debug|Any CPU.Build.0 = Debug|Any CPU
		{9D095EF5-0E80-47E2-9002-2238CE3C6CF9}.Release|Any CPU.ActiveCfg = Release|Any CPU
		{9D095EF5-0E80-47E2-9002-2238CE3C6CF9}.Release|Any CPU.Build.0 = Release|Any CPU
		{317B18CF-DDC5-4E33-B06F-43146453C571}.Debug|Any CPU.ActiveCfg = Debug|Any CPU
		{317B18CF-DDC5-4E33-B06F-43146453C571}.Debug|Any CPU.Build.0 = Debug|Any CPU
		{317B18CF-DDC5-4E33-B06F-43146453C571}.Release|Any CPU.ActiveCfg = Release|Any CPU
		{317B18CF-DDC5-4E33-B06F-43146453C571}.Release|Any CPU.Build.0 = Release|Any CPU
		{D7287564-E8E9-460B-99DD-94541521947D}.Debug|Any CPU.ActiveCfg = Debug|Any CPU
		{D7287564-E8E9-460B-99DD-94541521947D}.Debug|Any CPU.Build.0 = Debug|Any CPU
		{D7287564-E8E9-460B-99DD-94541521947D}.Release|Any CPU.ActiveCfg = Release|Any CPU
		{D7287564-E8E9-460B-99DD-94541521947D}.Release|Any CPU.Build.0 = Release|Any CPU
		{54890F88-1C48-4AB3-9178-27104411220B}.Debug|Any CPU.ActiveCfg = Debug|Any CPU
		{54890F88-1C48-4AB3-9178-27104411220B}.Debug|Any CPU.Build.0 = Debug|Any CPU
		{54890F88-1C48-4AB3-9178-27104411220B}.Release|Any CPU.ActiveCfg = Release|Any CPU
		{54890F88-1C48-4AB3-9178-27104411220B}.Release|Any CPU.Build.0 = Release|Any CPU
		{8EA8F920-19E6-42A7-A472-BB11C6355DAF}.Debug|Any CPU.ActiveCfg = Debug|Any CPU
		{8EA8F920-19E6-42A7-A472-BB11C6355DAF}.Debug|Any CPU.Build.0 = Debug|Any CPU
		{8EA8F920-19E6-42A7-A472-BB11C6355DAF}.Release|Any CPU.ActiveCfg = Release|Any CPU
		{8EA8F920-19E6-42A7-A472-BB11C6355DAF}.Release|Any CPU.Build.0 = Release|Any CPU
		{F3DB7FD3-0C7C-4800-B6D6-52967BE1E0DB}.Debug|Any CPU.ActiveCfg = Debug|Any CPU
		{F3DB7FD3-0C7C-4800-B6D6-52967BE1E0DB}.Debug|Any CPU.Build.0 = Debug|Any CPU
		{F3DB7FD3-0C7C-4800-B6D6-52967BE1E0DB}.Release|Any CPU.ActiveCfg = Release|Any CPU
		{F3DB7FD3-0C7C-4800-B6D6-52967BE1E0DB}.Release|Any CPU.Build.0 = Release|Any CPU
		{C4EC11F4-5DED-4A27-A8DC-A1D0B7BB8ED2}.Debug|Any CPU.ActiveCfg = Debug|Any CPU
		{C4EC11F4-5DED-4A27-A8DC-A1D0B7BB8ED2}.Debug|Any CPU.Build.0 = Debug|Any CPU
		{C4EC11F4-5DED-4A27-A8DC-A1D0B7BB8ED2}.Release|Any CPU.ActiveCfg = Release|Any CPU
		{C4EC11F4-5DED-4A27-A8DC-A1D0B7BB8ED2}.Release|Any CPU.Build.0 = Release|Any CPU
		{03DE432A-C364-4277-893E-AB33CF057411}.Debug|Any CPU.ActiveCfg = Debug|Any CPU
		{03DE432A-C364-4277-893E-AB33CF057411}.Debug|Any CPU.Build.0 = Debug|Any CPU
		{03DE432A-C364-4277-893E-AB33CF057411}.Release|Any CPU.ActiveCfg = Release|Any CPU
		{03DE432A-C364-4277-893E-AB33CF057411}.Release|Any CPU.Build.0 = Release|Any CPU
		{C450926F-0033-467D-B485-BCB22C80C558}.Debug|Any CPU.ActiveCfg = Debug|Any CPU
		{C450926F-0033-467D-B485-BCB22C80C558}.Debug|Any CPU.Build.0 = Debug|Any CPU
		{C450926F-0033-467D-B485-BCB22C80C558}.Release|Any CPU.ActiveCfg = Release|Any CPU
		{C450926F-0033-467D-B485-BCB22C80C558}.Release|Any CPU.Build.0 = Release|Any CPU
		{ED8C2B6A-BC74-4F96-A9BD-6F2698682AEB}.Debug|Any CPU.ActiveCfg = Debug|Any CPU
		{ED8C2B6A-BC74-4F96-A9BD-6F2698682AEB}.Debug|Any CPU.Build.0 = Debug|Any CPU
		{ED8C2B6A-BC74-4F96-A9BD-6F2698682AEB}.Release|Any CPU.ActiveCfg = Release|Any CPU
		{ED8C2B6A-BC74-4F96-A9BD-6F2698682AEB}.Release|Any CPU.Build.0 = Release|Any CPU
		{19BEA102-7179-4DF7-B902-A8468FD19FF5}.Debug|Any CPU.ActiveCfg = Debug|Any CPU
		{19BEA102-7179-4DF7-B902-A8468FD19FF5}.Debug|Any CPU.Build.0 = Debug|Any CPU
		{19BEA102-7179-4DF7-B902-A8468FD19FF5}.Release|Any CPU.ActiveCfg = Release|Any CPU
		{19BEA102-7179-4DF7-B902-A8468FD19FF5}.Release|Any CPU.Build.0 = Release|Any CPU
		{FF792DC4-1674-42CD-9A7D-6B796AFA29C1}.Debug|Any CPU.ActiveCfg = Debug|Any CPU
		{FF792DC4-1674-42CD-9A7D-6B796AFA29C1}.Debug|Any CPU.Build.0 = Debug|Any CPU
		{FF792DC4-1674-42CD-9A7D-6B796AFA29C1}.Release|Any CPU.ActiveCfg = Release|Any CPU
		{FF792DC4-1674-42CD-9A7D-6B796AFA29C1}.Release|Any CPU.Build.0 = Release|Any CPU
		{09D55FCA-1E52-4737-9C6D-7F79D0FDD83D}.Debug|Any CPU.ActiveCfg = Debug|Any CPU
		{09D55FCA-1E52-4737-9C6D-7F79D0FDD83D}.Debug|Any CPU.Build.0 = Debug|Any CPU
		{09D55FCA-1E52-4737-9C6D-7F79D0FDD83D}.Release|Any CPU.ActiveCfg = Release|Any CPU
		{09D55FCA-1E52-4737-9C6D-7F79D0FDD83D}.Release|Any CPU.Build.0 = Release|Any CPU
		{34C88C62-FEB2-4C5A-B310-0FBB0B1FEC43}.Debug|Any CPU.ActiveCfg = Debug|Any CPU
		{34C88C62-FEB2-4C5A-B310-0FBB0B1FEC43}.Debug|Any CPU.Build.0 = Debug|Any CPU
		{34C88C62-FEB2-4C5A-B310-0FBB0B1FEC43}.Release|Any CPU.ActiveCfg = Release|Any CPU
		{34C88C62-FEB2-4C5A-B310-0FBB0B1FEC43}.Release|Any CPU.Build.0 = Release|Any CPU
		{C2684EE0-7678-4874-932B-A02138F71979}.Debug|Any CPU.ActiveCfg = Debug|Any CPU
		{C2684EE0-7678-4874-932B-A02138F71979}.Debug|Any CPU.Build.0 = Debug|Any CPU
		{C2684EE0-7678-4874-932B-A02138F71979}.Release|Any CPU.ActiveCfg = Release|Any CPU
		{C2684EE0-7678-4874-932B-A02138F71979}.Release|Any CPU.Build.0 = Release|Any CPU
		{530CF8FD-7B4C-42C2-8C7C-DAC7708C5A0E}.Debug|Any CPU.ActiveCfg = Debug|Any CPU
		{530CF8FD-7B4C-42C2-8C7C-DAC7708C5A0E}.Debug|Any CPU.Build.0 = Debug|Any CPU
		{530CF8FD-7B4C-42C2-8C7C-DAC7708C5A0E}.Release|Any CPU.ActiveCfg = Release|Any CPU
		{530CF8FD-7B4C-42C2-8C7C-DAC7708C5A0E}.Release|Any CPU.Build.0 = Release|Any CPU
		{5CFB1966-12B8-422E-8061-850A1C9DD954}.Debug|Any CPU.ActiveCfg = Debug|Any CPU
		{5CFB1966-12B8-422E-8061-850A1C9DD954}.Debug|Any CPU.Build.0 = Debug|Any CPU
		{5CFB1966-12B8-422E-8061-850A1C9DD954}.Release|Any CPU.ActiveCfg = Release|Any CPU
		{5CFB1966-12B8-422E-8061-850A1C9DD954}.Release|Any CPU.Build.0 = Release|Any CPU
		{BE1DFD61-648B-4148-9A72-7A0327D7D0FD}.Debug|Any CPU.ActiveCfg = Debug|Any CPU
		{BE1DFD61-648B-4148-9A72-7A0327D7D0FD}.Debug|Any CPU.Build.0 = Debug|Any CPU
		{BE1DFD61-648B-4148-9A72-7A0327D7D0FD}.Release|Any CPU.ActiveCfg = Release|Any CPU
		{BE1DFD61-648B-4148-9A72-7A0327D7D0FD}.Release|Any CPU.Build.0 = Release|Any CPU
		{FBA0D100-73D5-4A65-88CC-C25C949D7F2C}.Debug|Any CPU.ActiveCfg = Debug|Any CPU
		{FBA0D100-73D5-4A65-88CC-C25C949D7F2C}.Debug|Any CPU.Build.0 = Debug|Any CPU
		{FBA0D100-73D5-4A65-88CC-C25C949D7F2C}.Release|Any CPU.ActiveCfg = Release|Any CPU
		{FBA0D100-73D5-4A65-88CC-C25C949D7F2C}.Release|Any CPU.Build.0 = Release|Any CPU
		{20C26A40-DF4B-41DB-A79C-15A264E15261}.Debug|Any CPU.ActiveCfg = Debug|Any CPU
		{20C26A40-DF4B-41DB-A79C-15A264E15261}.Debug|Any CPU.Build.0 = Debug|Any CPU
		{20C26A40-DF4B-41DB-A79C-15A264E15261}.Release|Any CPU.ActiveCfg = Release|Any CPU
		{20C26A40-DF4B-41DB-A79C-15A264E15261}.Release|Any CPU.Build.0 = Release|Any CPU
		{7EC40710-4C46-4306-8C70-28C330198B93}.Debug|Any CPU.ActiveCfg = Debug|Any CPU
		{7EC40710-4C46-4306-8C70-28C330198B93}.Debug|Any CPU.Build.0 = Debug|Any CPU
		{7EC40710-4C46-4306-8C70-28C330198B93}.Release|Any CPU.ActiveCfg = Release|Any CPU
		{7EC40710-4C46-4306-8C70-28C330198B93}.Release|Any CPU.Build.0 = Release|Any CPU
		{06BE2643-916F-4C7D-B316-C4B377B3AE08}.Debug|Any CPU.ActiveCfg = Debug|Any CPU
		{06BE2643-916F-4C7D-B316-C4B377B3AE08}.Debug|Any CPU.Build.0 = Debug|Any CPU
		{06BE2643-916F-4C7D-B316-C4B377B3AE08}.Release|Any CPU.ActiveCfg = Release|Any CPU
		{06BE2643-916F-4C7D-B316-C4B377B3AE08}.Release|Any CPU.Build.0 = Release|Any CPU
		{B5C9C3E0-FFFA-4144-86FE-5B54B0660838}.Debug|Any CPU.ActiveCfg = Debug|Any CPU
		{B5C9C3E0-FFFA-4144-86FE-5B54B0660838}.Debug|Any CPU.Build.0 = Debug|Any CPU
		{B5C9C3E0-FFFA-4144-86FE-5B54B0660838}.Release|Any CPU.ActiveCfg = Release|Any CPU
		{B5C9C3E0-FFFA-4144-86FE-5B54B0660838}.Release|Any CPU.Build.0 = Release|Any CPU
		{5DCEE309-FDA7-448A-A40D-4A77DC616605}.Debug|Any CPU.ActiveCfg = Debug|Any CPU
		{5DCEE309-FDA7-448A-A40D-4A77DC616605}.Debug|Any CPU.Build.0 = Debug|Any CPU
		{5DCEE309-FDA7-448A-A40D-4A77DC616605}.Release|Any CPU.ActiveCfg = Release|Any CPU
		{5DCEE309-FDA7-448A-A40D-4A77DC616605}.Release|Any CPU.Build.0 = Release|Any CPU
		{D4781CDF-4D1D-416C-B6D0-5B6D19D07CD0}.Debug|Any CPU.ActiveCfg = Debug|Any CPU
		{D4781CDF-4D1D-416C-B6D0-5B6D19D07CD0}.Debug|Any CPU.Build.0 = Debug|Any CPU
		{D4781CDF-4D1D-416C-B6D0-5B6D19D07CD0}.Release|Any CPU.ActiveCfg = Release|Any CPU
		{D4781CDF-4D1D-416C-B6D0-5B6D19D07CD0}.Release|Any CPU.Build.0 = Release|Any CPU
		{1601080C-5A6F-4588-90B2-259363ED007F}.Debug|Any CPU.ActiveCfg = Debug|Any CPU
		{1601080C-5A6F-4588-90B2-259363ED007F}.Debug|Any CPU.Build.0 = Debug|Any CPU
		{1601080C-5A6F-4588-90B2-259363ED007F}.Release|Any CPU.ActiveCfg = Release|Any CPU
		{1601080C-5A6F-4588-90B2-259363ED007F}.Release|Any CPU.Build.0 = Release|Any CPU
		{F88BCF69-8103-4DD2-AB68-005463315D27}.Debug|Any CPU.ActiveCfg = Debug|Any CPU
		{F88BCF69-8103-4DD2-AB68-005463315D27}.Debug|Any CPU.Build.0 = Debug|Any CPU
		{F88BCF69-8103-4DD2-AB68-005463315D27}.Release|Any CPU.ActiveCfg = Release|Any CPU
		{F88BCF69-8103-4DD2-AB68-005463315D27}.Release|Any CPU.Build.0 = Release|Any CPU
		{2BCECEE7-61A7-4705-A930-7892EF2E033B}.Debug|Any CPU.ActiveCfg = Debug|Any CPU
		{2BCECEE7-61A7-4705-A930-7892EF2E033B}.Debug|Any CPU.Build.0 = Debug|Any CPU
		{2BCECEE7-61A7-4705-A930-7892EF2E033B}.Release|Any CPU.ActiveCfg = Release|Any CPU
		{2BCECEE7-61A7-4705-A930-7892EF2E033B}.Release|Any CPU.Build.0 = Release|Any CPU
		{10E23EEF-AC98-45F8-926C-C4B2A3CCAEFA}.Debug|Any CPU.ActiveCfg = Debug|Any CPU
		{10E23EEF-AC98-45F8-926C-C4B2A3CCAEFA}.Debug|Any CPU.Build.0 = Debug|Any CPU
		{10E23EEF-AC98-45F8-926C-C4B2A3CCAEFA}.Release|Any CPU.ActiveCfg = Release|Any CPU
		{10E23EEF-AC98-45F8-926C-C4B2A3CCAEFA}.Release|Any CPU.Build.0 = Release|Any CPU
		{250CA93E-C723-436F-963E-28B749EA5F38}.Debug|Any CPU.ActiveCfg = Debug|Any CPU
		{250CA93E-C723-436F-963E-28B749EA5F38}.Debug|Any CPU.Build.0 = Debug|Any CPU
		{250CA93E-C723-436F-963E-28B749EA5F38}.Release|Any CPU.ActiveCfg = Release|Any CPU
		{250CA93E-C723-436F-963E-28B749EA5F38}.Release|Any CPU.Build.0 = Release|Any CPU
		{0C06D4AC-F0A7-46E2-AD81-C93A8679816A}.Debug|Any CPU.ActiveCfg = Debug|Any CPU
		{0C06D4AC-F0A7-46E2-AD81-C93A8679816A}.Debug|Any CPU.Build.0 = Debug|Any CPU
		{0C06D4AC-F0A7-46E2-AD81-C93A8679816A}.Release|Any CPU.ActiveCfg = Release|Any CPU
		{0C06D4AC-F0A7-46E2-AD81-C93A8679816A}.Release|Any CPU.Build.0 = Release|Any CPU
		{A6A63F4F-5D0C-4146-A552-9D6942722605}.Debug|Any CPU.ActiveCfg = Debug|Any CPU
		{A6A63F4F-5D0C-4146-A552-9D6942722605}.Debug|Any CPU.Build.0 = Debug|Any CPU
		{A6A63F4F-5D0C-4146-A552-9D6942722605}.Release|Any CPU.ActiveCfg = Release|Any CPU
		{A6A63F4F-5D0C-4146-A552-9D6942722605}.Release|Any CPU.Build.0 = Release|Any CPU
		{A1B52A68-B131-4463-B18E-ADE4761FF271}.Debug|Any CPU.ActiveCfg = Debug|Any CPU
		{A1B52A68-B131-4463-B18E-ADE4761FF271}.Debug|Any CPU.Build.0 = Debug|Any CPU
		{A1B52A68-B131-4463-B18E-ADE4761FF271}.Release|Any CPU.ActiveCfg = Release|Any CPU
		{A1B52A68-B131-4463-B18E-ADE4761FF271}.Release|Any CPU.Build.0 = Release|Any CPU
		{63D16520-3874-41D7-818E-CE758E70F984}.Debug|Any CPU.ActiveCfg = Debug|Any CPU
		{63D16520-3874-41D7-818E-CE758E70F984}.Debug|Any CPU.Build.0 = Debug|Any CPU
		{63D16520-3874-41D7-818E-CE758E70F984}.Release|Any CPU.ActiveCfg = Release|Any CPU
		{63D16520-3874-41D7-818E-CE758E70F984}.Release|Any CPU.Build.0 = Release|Any CPU
		{76724E8B-8164-4CE6-AAE9-546DEC80E902}.Debug|Any CPU.ActiveCfg = Debug|Any CPU
		{76724E8B-8164-4CE6-AAE9-546DEC80E902}.Debug|Any CPU.Build.0 = Debug|Any CPU
		{76724E8B-8164-4CE6-AAE9-546DEC80E902}.Release|Any CPU.ActiveCfg = Release|Any CPU
		{76724E8B-8164-4CE6-AAE9-546DEC80E902}.Release|Any CPU.Build.0 = Release|Any CPU
		{9C5FD19B-0440-44C1-B2ED-3D9C5987050D}.Debug|Any CPU.ActiveCfg = Debug|Any CPU
		{9C5FD19B-0440-44C1-B2ED-3D9C5987050D}.Debug|Any CPU.Build.0 = Debug|Any CPU
		{9C5FD19B-0440-44C1-B2ED-3D9C5987050D}.Release|Any CPU.ActiveCfg = Release|Any CPU
		{9C5FD19B-0440-44C1-B2ED-3D9C5987050D}.Release|Any CPU.Build.0 = Release|Any CPU
		{6F29E542-B892-4EC8-AFB1-B8F673FD03CF}.Debug|Any CPU.ActiveCfg = Debug|Any CPU
		{6F29E542-B892-4EC8-AFB1-B8F673FD03CF}.Debug|Any CPU.Build.0 = Debug|Any CPU
		{6F29E542-B892-4EC8-AFB1-B8F673FD03CF}.Release|Any CPU.ActiveCfg = Release|Any CPU
		{6F29E542-B892-4EC8-AFB1-B8F673FD03CF}.Release|Any CPU.Build.0 = Release|Any CPU
		{518A292C-EF45-464E-8E7D-CD026C7894CF}.Debug|Any CPU.ActiveCfg = Debug|Any CPU
		{518A292C-EF45-464E-8E7D-CD026C7894CF}.Debug|Any CPU.Build.0 = Debug|Any CPU
		{518A292C-EF45-464E-8E7D-CD026C7894CF}.Release|Any CPU.ActiveCfg = Release|Any CPU
		{518A292C-EF45-464E-8E7D-CD026C7894CF}.Release|Any CPU.Build.0 = Release|Any CPU
		{58FA93C6-FDF3-4709-B39E-AAA9F3350207}.Debug|Any CPU.ActiveCfg = Debug|Any CPU
		{58FA93C6-FDF3-4709-B39E-AAA9F3350207}.Debug|Any CPU.Build.0 = Debug|Any CPU
		{58FA93C6-FDF3-4709-B39E-AAA9F3350207}.Release|Any CPU.ActiveCfg = Release|Any CPU
		{58FA93C6-FDF3-4709-B39E-AAA9F3350207}.Release|Any CPU.Build.0 = Release|Any CPU
		{2D08EE4B-3D40-4E2C-8D8D-BC4FC5E07C34}.Debug|Any CPU.ActiveCfg = Debug|Any CPU
		{2D08EE4B-3D40-4E2C-8D8D-BC4FC5E07C34}.Debug|Any CPU.Build.0 = Debug|Any CPU
		{2D08EE4B-3D40-4E2C-8D8D-BC4FC5E07C34}.Release|Any CPU.ActiveCfg = Release|Any CPU
		{2D08EE4B-3D40-4E2C-8D8D-BC4FC5E07C34}.Release|Any CPU.Build.0 = Release|Any CPU
		{1B9843AB-1270-4924-B09D-47D843B4EE70}.Debug|Any CPU.ActiveCfg = Debug|Any CPU
		{1B9843AB-1270-4924-B09D-47D843B4EE70}.Debug|Any CPU.Build.0 = Debug|Any CPU
		{1B9843AB-1270-4924-B09D-47D843B4EE70}.Release|Any CPU.ActiveCfg = Release|Any CPU
		{1B9843AB-1270-4924-B09D-47D843B4EE70}.Release|Any CPU.Build.0 = Release|Any CPU
		{4B44ECA5-B189-44C0-8007-EECD9CD93B4C}.Debug|Any CPU.ActiveCfg = Debug|Any CPU
		{4B44ECA5-B189-44C0-8007-EECD9CD93B4C}.Debug|Any CPU.Build.0 = Debug|Any CPU
		{4B44ECA5-B189-44C0-8007-EECD9CD93B4C}.Release|Any CPU.ActiveCfg = Release|Any CPU
		{4B44ECA5-B189-44C0-8007-EECD9CD93B4C}.Release|Any CPU.Build.0 = Release|Any CPU
		{21BC3AC0-1A2B-410A-8FF6-B037D31A1BFD}.Debug|Any CPU.ActiveCfg = Debug|Any CPU
		{21BC3AC0-1A2B-410A-8FF6-B037D31A1BFD}.Debug|Any CPU.Build.0 = Debug|Any CPU
		{21BC3AC0-1A2B-410A-8FF6-B037D31A1BFD}.Release|Any CPU.ActiveCfg = Release|Any CPU
		{21BC3AC0-1A2B-410A-8FF6-B037D31A1BFD}.Release|Any CPU.Build.0 = Release|Any CPU
		{F3245DCB-DF0C-4740-B404-674A732CC468}.Debug|Any CPU.ActiveCfg = Debug|Any CPU
		{F3245DCB-DF0C-4740-B404-674A732CC468}.Debug|Any CPU.Build.0 = Debug|Any CPU
		{F3245DCB-DF0C-4740-B404-674A732CC468}.Release|Any CPU.ActiveCfg = Release|Any CPU
		{F3245DCB-DF0C-4740-B404-674A732CC468}.Release|Any CPU.Build.0 = Release|Any CPU
		{7ADABC22-84F4-4348-84B7-8F412EC2A588}.Debug|Any CPU.ActiveCfg = Debug|Any CPU
		{7ADABC22-84F4-4348-84B7-8F412EC2A588}.Debug|Any CPU.Build.0 = Debug|Any CPU
		{7ADABC22-84F4-4348-84B7-8F412EC2A588}.Release|Any CPU.ActiveCfg = Release|Any CPU
		{7ADABC22-84F4-4348-84B7-8F412EC2A588}.Release|Any CPU.Build.0 = Release|Any CPU
		{A5EAD90E-78BE-4D17-9A51-4D959A23F0D8}.Debug|Any CPU.ActiveCfg = Debug|Any CPU
		{A5EAD90E-78BE-4D17-9A51-4D959A23F0D8}.Debug|Any CPU.Build.0 = Debug|Any CPU
		{A5EAD90E-78BE-4D17-9A51-4D959A23F0D8}.Release|Any CPU.ActiveCfg = Release|Any CPU
		{A5EAD90E-78BE-4D17-9A51-4D959A23F0D8}.Release|Any CPU.Build.0 = Release|Any CPU
		{C6DE3636-1285-4CEA-9D71-E2BEAB4BE344}.Debug|Any CPU.ActiveCfg = Debug|Any CPU
		{C6DE3636-1285-4CEA-9D71-E2BEAB4BE344}.Debug|Any CPU.Build.0 = Debug|Any CPU
		{C6DE3636-1285-4CEA-9D71-E2BEAB4BE344}.Release|Any CPU.ActiveCfg = Release|Any CPU
		{C6DE3636-1285-4CEA-9D71-E2BEAB4BE344}.Release|Any CPU.Build.0 = Release|Any CPU
		{2A0C3AD0-6BDB-45E6-AEBD-5DAFDBA7FBFB}.Debug|Any CPU.ActiveCfg = Debug|Any CPU
		{2A0C3AD0-6BDB-45E6-AEBD-5DAFDBA7FBFB}.Debug|Any CPU.Build.0 = Debug|Any CPU
		{2A0C3AD0-6BDB-45E6-AEBD-5DAFDBA7FBFB}.Release|Any CPU.ActiveCfg = Release|Any CPU
		{2A0C3AD0-6BDB-45E6-AEBD-5DAFDBA7FBFB}.Release|Any CPU.Build.0 = Release|Any CPU
		{45911D60-232E-4150-A66B-726C0A5EBA04}.Debug|Any CPU.ActiveCfg = Debug|Any CPU
		{45911D60-232E-4150-A66B-726C0A5EBA04}.Debug|Any CPU.Build.0 = Debug|Any CPU
		{45911D60-232E-4150-A66B-726C0A5EBA04}.Release|Any CPU.ActiveCfg = Release|Any CPU
		{45911D60-232E-4150-A66B-726C0A5EBA04}.Release|Any CPU.Build.0 = Release|Any CPU
		{D90AE0A2-E64D-4859-BD01-6B0D8C570A93}.Debug|Any CPU.ActiveCfg = Debug|Any CPU
		{D90AE0A2-E64D-4859-BD01-6B0D8C570A93}.Debug|Any CPU.Build.0 = Debug|Any CPU
		{D90AE0A2-E64D-4859-BD01-6B0D8C570A93}.Release|Any CPU.ActiveCfg = Release|Any CPU
		{D90AE0A2-E64D-4859-BD01-6B0D8C570A93}.Release|Any CPU.Build.0 = Release|Any CPU
		{575101B4-A3ED-45AC-99BE-F427D5E904CD}.Debug|Any CPU.ActiveCfg = Debug|Any CPU
		{575101B4-A3ED-45AC-99BE-F427D5E904CD}.Debug|Any CPU.Build.0 = Debug|Any CPU
		{575101B4-A3ED-45AC-99BE-F427D5E904CD}.Release|Any CPU.ActiveCfg = Release|Any CPU
		{575101B4-A3ED-45AC-99BE-F427D5E904CD}.Release|Any CPU.Build.0 = Release|Any CPU
		{179E8732-D375-4AB2-867E-5707B62D1A39}.Debug|Any CPU.ActiveCfg = Debug|Any CPU
		{179E8732-D375-4AB2-867E-5707B62D1A39}.Debug|Any CPU.Build.0 = Debug|Any CPU
		{179E8732-D375-4AB2-867E-5707B62D1A39}.Release|Any CPU.ActiveCfg = Release|Any CPU
		{179E8732-D375-4AB2-867E-5707B62D1A39}.Release|Any CPU.Build.0 = Release|Any CPU
		{37C1CF19-A73C-4AB4-828C-86041F81C891}.Debug|Any CPU.ActiveCfg = Debug|Any CPU
		{37C1CF19-A73C-4AB4-828C-86041F81C891}.Debug|Any CPU.Build.0 = Debug|Any CPU
		{37C1CF19-A73C-4AB4-828C-86041F81C891}.Release|Any CPU.ActiveCfg = Release|Any CPU
		{37C1CF19-A73C-4AB4-828C-86041F81C891}.Release|Any CPU.Build.0 = Release|Any CPU
		{D81EEAF2-CA15-4608-8832-D214EEC60454}.Debug|Any CPU.ActiveCfg = Debug|Any CPU
		{D81EEAF2-CA15-4608-8832-D214EEC60454}.Debug|Any CPU.Build.0 = Debug|Any CPU
		{D81EEAF2-CA15-4608-8832-D214EEC60454}.Release|Any CPU.ActiveCfg = Release|Any CPU
		{D81EEAF2-CA15-4608-8832-D214EEC60454}.Release|Any CPU.Build.0 = Release|Any CPU
		{51A44F56-0A67-4AEE-BF82-18699562AE12}.Debug|Any CPU.ActiveCfg = Debug|Any CPU
		{51A44F56-0A67-4AEE-BF82-18699562AE12}.Debug|Any CPU.Build.0 = Debug|Any CPU
		{51A44F56-0A67-4AEE-BF82-18699562AE12}.Release|Any CPU.ActiveCfg = Release|Any CPU
		{51A44F56-0A67-4AEE-BF82-18699562AE12}.Release|Any CPU.Build.0 = Release|Any CPU
		{99BFCF94-A3C4-4361-850A-F133F6D621A6}.Debug|Any CPU.ActiveCfg = Debug|Any CPU
		{99BFCF94-A3C4-4361-850A-F133F6D621A6}.Debug|Any CPU.Build.0 = Debug|Any CPU
		{99BFCF94-A3C4-4361-850A-F133F6D621A6}.Release|Any CPU.ActiveCfg = Release|Any CPU
		{99BFCF94-A3C4-4361-850A-F133F6D621A6}.Release|Any CPU.Build.0 = Release|Any CPU
		{84B4762F-DA47-43E4-B2D5-ED25F2D560DA}.Debug|Any CPU.ActiveCfg = Debug|Any CPU
		{84B4762F-DA47-43E4-B2D5-ED25F2D560DA}.Debug|Any CPU.Build.0 = Debug|Any CPU
		{84B4762F-DA47-43E4-B2D5-ED25F2D560DA}.Release|Any CPU.ActiveCfg = Release|Any CPU
		{84B4762F-DA47-43E4-B2D5-ED25F2D560DA}.Release|Any CPU.Build.0 = Release|Any CPU
		{B1859CAD-7745-4843-A344-CF03D03ECCF1}.Debug|Any CPU.ActiveCfg = Debug|Any CPU
		{B1859CAD-7745-4843-A344-CF03D03ECCF1}.Debug|Any CPU.Build.0 = Debug|Any CPU
		{B1859CAD-7745-4843-A344-CF03D03ECCF1}.Release|Any CPU.ActiveCfg = Release|Any CPU
		{B1859CAD-7745-4843-A344-CF03D03ECCF1}.Release|Any CPU.Build.0 = Release|Any CPU
		{B4E77468-0B6D-47E8-AC52-193E2F7C15EB}.Debug|Any CPU.ActiveCfg = Debug|Any CPU
		{B4E77468-0B6D-47E8-AC52-193E2F7C15EB}.Debug|Any CPU.Build.0 = Debug|Any CPU
		{B4E77468-0B6D-47E8-AC52-193E2F7C15EB}.Release|Any CPU.ActiveCfg = Release|Any CPU
		{B4E77468-0B6D-47E8-AC52-193E2F7C15EB}.Release|Any CPU.Build.0 = Release|Any CPU
		{7E156611-5F7A-490E-A6F5-EA2944956023}.Debug|Any CPU.ActiveCfg = Debug|Any CPU
		{7E156611-5F7A-490E-A6F5-EA2944956023}.Debug|Any CPU.Build.0 = Debug|Any CPU
		{7E156611-5F7A-490E-A6F5-EA2944956023}.Release|Any CPU.ActiveCfg = Release|Any CPU
		{7E156611-5F7A-490E-A6F5-EA2944956023}.Release|Any CPU.Build.0 = Release|Any CPU
		{8F855B05-48DD-4D41-8D0A-262EDC2FA547}.Debug|Any CPU.ActiveCfg = Debug|Any CPU
		{8F855B05-48DD-4D41-8D0A-262EDC2FA547}.Debug|Any CPU.Build.0 = Debug|Any CPU
		{8F855B05-48DD-4D41-8D0A-262EDC2FA547}.Release|Any CPU.ActiveCfg = Release|Any CPU
		{8F855B05-48DD-4D41-8D0A-262EDC2FA547}.Release|Any CPU.Build.0 = Release|Any CPU
		{0CF3689F-91F0-415E-8140-EE3E3113A2C6}.Debug|Any CPU.ActiveCfg = Debug|Any CPU
		{0CF3689F-91F0-415E-8140-EE3E3113A2C6}.Debug|Any CPU.Build.0 = Debug|Any CPU
		{0CF3689F-91F0-415E-8140-EE3E3113A2C6}.Release|Any CPU.ActiveCfg = Release|Any CPU
		{0CF3689F-91F0-415E-8140-EE3E3113A2C6}.Release|Any CPU.Build.0 = Release|Any CPU
		{AB771B24-4558-4471-A2C6-B9ABBF3C1A9A}.Debug|Any CPU.ActiveCfg = Debug|Any CPU
		{AB771B24-4558-4471-A2C6-B9ABBF3C1A9A}.Debug|Any CPU.Build.0 = Debug|Any CPU
		{AB771B24-4558-4471-A2C6-B9ABBF3C1A9A}.Release|Any CPU.ActiveCfg = Release|Any CPU
		{AB771B24-4558-4471-A2C6-B9ABBF3C1A9A}.Release|Any CPU.Build.0 = Release|Any CPU
		{90B4BB8C-12C4-40CD-A2A6-866093F6E068}.Debug|Any CPU.ActiveCfg = Debug|Any CPU
		{90B4BB8C-12C4-40CD-A2A6-866093F6E068}.Debug|Any CPU.Build.0 = Debug|Any CPU
		{90B4BB8C-12C4-40CD-A2A6-866093F6E068}.Release|Any CPU.ActiveCfg = Release|Any CPU
		{90B4BB8C-12C4-40CD-A2A6-866093F6E068}.Release|Any CPU.Build.0 = Release|Any CPU
		{C3178C10-8290-4262-9E98-5DCA263CFC41}.Debug|Any CPU.ActiveCfg = Debug|Any CPU
		{C3178C10-8290-4262-9E98-5DCA263CFC41}.Debug|Any CPU.Build.0 = Debug|Any CPU
		{C3178C10-8290-4262-9E98-5DCA263CFC41}.Release|Any CPU.ActiveCfg = Release|Any CPU
		{C3178C10-8290-4262-9E98-5DCA263CFC41}.Release|Any CPU.Build.0 = Release|Any CPU
		{B53BD0C3-21FD-4837-B360-143FBD37F889}.Debug|Any CPU.ActiveCfg = Debug|Any CPU
		{B53BD0C3-21FD-4837-B360-143FBD37F889}.Debug|Any CPU.Build.0 = Debug|Any CPU
		{B53BD0C3-21FD-4837-B360-143FBD37F889}.Release|Any CPU.ActiveCfg = Release|Any CPU
		{B53BD0C3-21FD-4837-B360-143FBD37F889}.Release|Any CPU.Build.0 = Release|Any CPU
		{C3B8FB0E-892B-43CF-88E1-073367272314}.Debug|Any CPU.ActiveCfg = Debug|Any CPU
		{C3B8FB0E-892B-43CF-88E1-073367272314}.Debug|Any CPU.Build.0 = Debug|Any CPU
		{C3B8FB0E-892B-43CF-88E1-073367272314}.Release|Any CPU.ActiveCfg = Release|Any CPU
		{C3B8FB0E-892B-43CF-88E1-073367272314}.Release|Any CPU.Build.0 = Release|Any CPU
		{D98E2354-4A1E-462C-B478-42EBB1BAD892}.Debug|Any CPU.ActiveCfg = Debug|Any CPU
		{D98E2354-4A1E-462C-B478-42EBB1BAD892}.Debug|Any CPU.Build.0 = Debug|Any CPU
		{D98E2354-4A1E-462C-B478-42EBB1BAD892}.Release|Any CPU.ActiveCfg = Release|Any CPU
		{D98E2354-4A1E-462C-B478-42EBB1BAD892}.Release|Any CPU.Build.0 = Release|Any CPU
		{9A1B1862-80DD-4B5A-87B9-4ACD378A0F99}.Debug|Any CPU.ActiveCfg = Debug|Any CPU
		{9A1B1862-80DD-4B5A-87B9-4ACD378A0F99}.Debug|Any CPU.Build.0 = Debug|Any CPU
		{9A1B1862-80DD-4B5A-87B9-4ACD378A0F99}.Release|Any CPU.ActiveCfg = Release|Any CPU
		{9A1B1862-80DD-4B5A-87B9-4ACD378A0F99}.Release|Any CPU.Build.0 = Release|Any CPU
		{B142935B-CE40-44BE-B795-ABB340E9EEAC}.Debug|Any CPU.ActiveCfg = Debug|Any CPU
		{B142935B-CE40-44BE-B795-ABB340E9EEAC}.Debug|Any CPU.Build.0 = Debug|Any CPU
		{B142935B-CE40-44BE-B795-ABB340E9EEAC}.Release|Any CPU.ActiveCfg = Release|Any CPU
		{B142935B-CE40-44BE-B795-ABB340E9EEAC}.Release|Any CPU.Build.0 = Release|Any CPU
		{5A2A052B-4636-4926-A82A-FA3427B2A886}.Debug|Any CPU.ActiveCfg = Debug|Any CPU
		{5A2A052B-4636-4926-A82A-FA3427B2A886}.Debug|Any CPU.Build.0 = Debug|Any CPU
		{5A2A052B-4636-4926-A82A-FA3427B2A886}.Release|Any CPU.ActiveCfg = Release|Any CPU
		{5A2A052B-4636-4926-A82A-FA3427B2A886}.Release|Any CPU.Build.0 = Release|Any CPU
		{E570F009-2818-489E-B001-5608A1A1D663}.Debug|Any CPU.ActiveCfg = Debug|Any CPU
		{E570F009-2818-489E-B001-5608A1A1D663}.Debug|Any CPU.Build.0 = Debug|Any CPU
		{E570F009-2818-489E-B001-5608A1A1D663}.Release|Any CPU.ActiveCfg = Release|Any CPU
		{E570F009-2818-489E-B001-5608A1A1D663}.Release|Any CPU.Build.0 = Release|Any CPU
		{8148F392-0E45-4696-90E0-1FB61E2D5022}.Debug|Any CPU.ActiveCfg = Debug|Any CPU
		{8148F392-0E45-4696-90E0-1FB61E2D5022}.Debug|Any CPU.Build.0 = Debug|Any CPU
		{8148F392-0E45-4696-90E0-1FB61E2D5022}.Release|Any CPU.ActiveCfg = Release|Any CPU
		{8148F392-0E45-4696-90E0-1FB61E2D5022}.Release|Any CPU.Build.0 = Release|Any CPU
	EndGlobalSection
	GlobalSection(SolutionProperties) = preSolution
		HideSolutionNode = FALSE
	EndGlobalSection
	GlobalSection(ExtensibilityGlobals) = postSolution
		SolutionGuid = {6068656C-6ABA-45F1-B3C4-F37DCA05C2CD}
	EndGlobalSection
EndGlobal
