
Microsoft Visual Studio Solution File, Format Version 12.00
# Visual Studio Version 16
VisualStudioVersion = 16.0.30907.101
MinimumVisualStudioVersion = 10.0.40219.1
Project("{FAE04EC0-301F-11D3-BF4B-00C04F79EFBC}") = "UnderstandThreadPool", "UnderstandThreadPool\UnderstandThreadPool.csproj", "{627945E8-F828-4968-82F8-F28A9076CDDD}"
EndProject
Global
	GlobalSection(SolutionConfigurationPlatforms) = preSolution
		Debug|Any CPU = Debug|Any CPU
		Release|Any CPU = Release|Any CPU
	EndGlobalSection
	GlobalSection(ProjectConfigurationPlatforms) = postSolution
		{627945E8-F828-4968-82F8-F28A9076CDDD}.Debug|Any CPU.ActiveCfg = Debug|Any CPU
		{627945E8-F828-4968-82F8-F28A9076CDDD}.Debug|Any CPU.Build.0 = Debug|Any CPU
		{627945E8-F828-4968-82F8-F28A9076CDDD}.Release|Any CPU.ActiveCfg = Release|Any CPU
		{627945E8-F828-4968-82F8-F28A9076CDDD}.Release|Any CPU.Build.0 = Release|Any CPU
	EndGlobalSection
	GlobalSection(SolutionProperties) = preSolution
		HideSolutionNode = FALSE
	EndGlobalSection
	GlobalSection(ExtensibilityGlobals) = postSolution
		SolutionGuid = {1BBF9BA5-6DC0-43F1-B57D-9DADFAB7CDDE}
	EndGlobalSection
EndGlobal
